github.com/adrinamin/articles_and_notes v0.0.0-20210104162034-198fbbd81c97 h1:zUJUeL8TNz7sfrc4qrmzIGsCTz8oMf8qZGAWWcFq5/0=
github.com/adrinamin/articles_and_notes v0.0.0-20210104162034-198fbbd81c97/go.mod h1:LsJV/FY1PsQS69il+6eQ0IquIxM+E7J/calb59KWXRI=
github.com/adrinamin/articles_and_notes v0.0.0-20210104165038-b136bbd13730 h1:g4Z1gZp81UGzhrH3lDBuHIZTr8td4c7tJQF15y8T5Kc=
github.com/adrinamin/articles_and_notes v0.0.0-20210104165038-b136bbd13730/go.mod h1:LsJV/FY1PsQS69il+6eQ0IquIxM+E7J/calb59KWXRI=
github.com/adrinamin/articles_and_notes v0.0.0-20210104165229-f2926e7db8a0 h1:8B/GZKW7BKSzwiqIK8dR0yspRoaCDSkuHJ7Aq2QN5rs=
github.com/adrinamin/articles_and_notes v0.0.0-20210104165229-f2926e7db8a0/go.mod h1:LsJV/FY1PsQS69il+6eQ0IquIxM+E7J/calb59KWXRI=
github.com/adrinamin/articles_and_notes v0.0.0-20210106204956-84be535378be h1:p6IAgDC0Gnrsf++6eoTLk4phHMTsr/K3cumMmtsFTog=
github.com/adrinamin/articles_and_notes v0.0.0-20210106204956-84be535378be/go.mod h1:LsJV/FY1PsQS69il+6eQ0IquIxM+E7J/calb59KWXRI=
